
Microsoft Visual Studio Solution File, Format Version 12.00
# Visual Studio Version 17
VisualStudioVersion = 17.11.35222.181
MinimumVisualStudioVersion = 10.0.40219.1
Project("{9A19103F-16F7-4668-BE54-9A1E7A4F7556}") = "Web", "Web\Web.csproj", "{8D48844A-E44C-40E9-9C88-2CB0C98DA4AE}"
EndProject
Project("{2150E333-8FDC-42A3-9474-1A3956D46DE8}") = "Modules", "Modules", "{D6652049-57B8-4078-B547-225A5B91DF45}"
EndProject
Project("{2150E333-8FDC-42A3-9474-1A3956D46DE8}") = "Authentication", "Authentication", "{0E2F66D2-841E-4CD9-8755-4B4C35390FE6}"
EndProject
Project("{2150E333-8FDC-42A3-9474-1A3956D46DE8}") = "Player", "Player", "{C42F2205-D3DA-468B-91F3-9A50A024D37F}"
EndProject
Project("{FAE04EC0-301F-11D3-BF4B-00C04F79EFBC}") = "Core", "Modules\Authentication\Core\Core.csproj", "{588F4523-106A-4090-9AB3-A38A8068B85B}"
EndProject
Project("{FAE04EC0-301F-11D3-BF4B-00C04F79EFBC}") = "API", "Modules\Authentication\API\API.csproj", "{0ADAC992-9843-4223-BFD7-8A68CE14CF0E}"
EndProject
Project("{FAE04EC0-301F-11D3-BF4B-00C04F79EFBC}") = "Data", "Modules\Authentication\Data\Data.csproj", "{36CF29D2-A48E-414E-B0F4-6E23004FBBC2}"
EndProject
Project("{FAE04EC0-301F-11D3-BF4B-00C04F79EFBC}") = "Services", "Modules\Authentication\Services\Services.csproj", "{74A33966-C492-40D8-9736-FFC39571C6E0}"
EndProject
Project("{FAE04EC0-301F-11D3-BF4B-00C04F79EFBC}") = "Core", "Modules\Player\Core\Core.csproj", "{3DCA567D-D2B6-427E-9701-AF94A82E3CFD}"
EndProject
Project("{FAE04EC0-301F-11D3-BF4B-00C04F79EFBC}") = "Data", "Modules\Player\Data\Data.csproj", "{652630B5-CA84-4E95-8E45-6E5A335FD25B}"
EndProject
Project("{FAE04EC0-301F-11D3-BF4B-00C04F79EFBC}") = "API", "Modules\Player\API\API.csproj", "{9B45F545-9E43-4337-A2FD-26898071131D}"
EndProject
Project("{FAE04EC0-301F-11D3-BF4B-00C04F79EFBC}") = "Services", "Modules\Player\Services\Services.csproj", "{D181308A-DA7A-4EC9-A488-51F5825E65B0}"
EndProject
Project("{FAE04EC0-301F-11D3-BF4B-00C04F79EFBC}") = "Core", "Core\Core.csproj", "{5C2E6D56-6947-42B2-BF9D-A3718E0C8C72}"
EndProject
Global
	GlobalSection(SolutionConfigurationPlatforms) = preSolution
		Debug|Any CPU = Debug|Any CPU
		Release|Any CPU = Release|Any CPU
	EndGlobalSection
	GlobalSection(ProjectConfigurationPlatforms) = postSolution
		{8D48844A-E44C-40E9-9C88-2CB0C98DA4AE}.Debug|Any CPU.ActiveCfg = Debug|Any CPU
		{8D48844A-E44C-40E9-9C88-2CB0C98DA4AE}.Debug|Any CPU.Build.0 = Debug|Any CPU
		{8D48844A-E44C-40E9-9C88-2CB0C98DA4AE}.Release|Any CPU.ActiveCfg = Release|Any CPU
		{8D48844A-E44C-40E9-9C88-2CB0C98DA4AE}.Release|Any CPU.Build.0 = Release|Any CPU
		{588F4523-106A-4090-9AB3-A38A8068B85B}.Debug|Any CPU.ActiveCfg = Debug|Any CPU
		{588F4523-106A-4090-9AB3-A38A8068B85B}.Debug|Any CPU.Build.0 = Debug|Any CPU
		{588F4523-106A-4090-9AB3-A38A8068B85B}.Release|Any CPU.ActiveCfg = Release|Any CPU
		{588F4523-106A-4090-9AB3-A38A8068B85B}.Release|Any CPU.Build.0 = Release|Any CPU
		{0ADAC992-9843-4223-BFD7-8A68CE14CF0E}.Debug|Any CPU.ActiveCfg = Debug|Any CPU
		{0ADAC992-9843-4223-BFD7-8A68CE14CF0E}.Debug|Any CPU.Build.0 = Debug|Any CPU
		{0ADAC992-9843-4223-BFD7-8A68CE14CF0E}.Release|Any CPU.ActiveCfg = Release|Any CPU
		{0ADAC992-9843-4223-BFD7-8A68CE14CF0E}.Release|Any CPU.Build.0 = Release|Any CPU
		{36CF29D2-A48E-414E-B0F4-6E23004FBBC2}.Debug|Any CPU.ActiveCfg = Debug|Any CPU
		{36CF29D2-A48E-414E-B0F4-6E23004FBBC2}.Debug|Any CPU.Build.0 = Debug|Any CPU
		{36CF29D2-A48E-414E-B0F4-6E23004FBBC2}.Release|Any CPU.ActiveCfg = Release|Any CPU
		{36CF29D2-A48E-414E-B0F4-6E23004FBBC2}.Release|Any CPU.Build.0 = Release|Any CPU
		{74A33966-C492-40D8-9736-FFC39571C6E0}.Debug|Any CPU.ActiveCfg = Debug|Any CPU
		{74A33966-C492-40D8-9736-FFC39571C6E0}.Debug|Any CPU.Build.0 = Debug|Any CPU
		{74A33966-C492-40D8-9736-FFC39571C6E0}.Release|Any CPU.ActiveCfg = Release|Any CPU
		{74A33966-C492-40D8-9736-FFC39571C6E0}.Release|Any CPU.Build.0 = Release|Any CPU
		{3DCA567D-D2B6-427E-9701-AF94A82E3CFD}.Debug|Any CPU.ActiveCfg = Debug|Any CPU
		{3DCA567D-D2B6-427E-9701-AF94A82E3CFD}.Debug|Any CPU.Build.0 = Debug|Any CPU
		{3DCA567D-D2B6-427E-9701-AF94A82E3CFD}.Release|Any CPU.ActiveCfg = Release|Any CPU
		{3DCA567D-D2B6-427E-9701-AF94A82E3CFD}.Release|Any CPU.Build.0 = Release|Any CPU
		{652630B5-CA84-4E95-8E45-6E5A335FD25B}.Debug|Any CPU.ActiveCfg = Debug|Any CPU
		{652630B5-CA84-4E95-8E45-6E5A335FD25B}.Debug|Any CPU.Build.0 = Debug|Any CPU
		{652630B5-CA84-4E95-8E45-6E5A335FD25B}.Release|Any CPU.ActiveCfg = Release|Any CPU
		{652630B5-CA84-4E95-8E45-6E5A335FD25B}.Release|Any CPU.Build.0 = Release|Any CPU
		{9B45F545-9E43-4337-A2FD-26898071131D}.Debug|Any CPU.ActiveCfg = Debug|Any CPU
		{9B45F545-9E43-4337-A2FD-26898071131D}.Debug|Any CPU.Build.0 = Debug|Any CPU
		{9B45F545-9E43-4337-A2FD-26898071131D}.Release|Any CPU.ActiveCfg = Release|Any CPU
		{9B45F545-9E43-4337-A2FD-26898071131D}.Release|Any CPU.Build.0 = Release|Any CPU
		{D181308A-DA7A-4EC9-A488-51F5825E65B0}.Debug|Any CPU.ActiveCfg = Debug|Any CPU
		{D181308A-DA7A-4EC9-A488-51F5825E65B0}.Debug|Any CPU.Build.0 = Debug|Any CPU
		{D181308A-DA7A-4EC9-A488-51F5825E65B0}.Release|Any CPU.ActiveCfg = Release|Any CPU
		{D181308A-DA7A-4EC9-A488-51F5825E65B0}.Release|Any CPU.Build.0 = Release|Any CPU
		{5C2E6D56-6947-42B2-BF9D-A3718E0C8C72}.Debug|Any CPU.ActiveCfg = Debug|Any CPU
		{5C2E6D56-6947-42B2-BF9D-A3718E0C8C72}.Debug|Any CPU.Build.0 = Debug|Any CPU
		{5C2E6D56-6947-42B2-BF9D-A3718E0C8C72}.Release|Any CPU.ActiveCfg = Release|Any CPU
		{5C2E6D56-6947-42B2-BF9D-A3718E0C8C72}.Release|Any CPU.Build.0 = Release|Any CPU
	EndGlobalSection
	GlobalSection(SolutionProperties) = preSolution
		HideSolutionNode = FALSE
	EndGlobalSection
	GlobalSection(NestedProjects) = preSolution
		{0E2F66D2-841E-4CD9-8755-4B4C35390FE6} = {D6652049-57B8-4078-B547-225A5B91DF45}
		{C42F2205-D3DA-468B-91F3-9A50A024D37F} = {D6652049-57B8-4078-B547-225A5B91DF45}
		{588F4523-106A-4090-9AB3-A38A8068B85B} = {0E2F66D2-841E-4CD9-8755-4B4C35390FE6}
		{0ADAC992-9843-4223-BFD7-8A68CE14CF0E} = {0E2F66D2-841E-4CD9-8755-4B4C35390FE6}
		{36CF29D2-A48E-414E-B0F4-6E23004FBBC2} = {0E2F66D2-841E-4CD9-8755-4B4C35390FE6}
		{74A33966-C492-40D8-9736-FFC39571C6E0} = {0E2F66D2-841E-4CD9-8755-4B4C35390FE6}
		{3DCA567D-D2B6-427E-9701-AF94A82E3CFD} = {C42F2205-D3DA-468B-91F3-9A50A024D37F}
		{652630B5-CA84-4E95-8E45-6E5A335FD25B} = {C42F2205-D3DA-468B-91F3-9A50A024D37F}
		{9B45F545-9E43-4337-A2FD-26898071131D} = {C42F2205-D3DA-468B-91F3-9A50A024D37F}
		{D181308A-DA7A-4EC9-A488-51F5825E65B0} = {C42F2205-D3DA-468B-91F3-9A50A024D37F}
	EndGlobalSection
	GlobalSection(ExtensibilityGlobals) = postSolution
		SolutionGuid = {14B0D21E-0ACA-46A9-BF8B-88DF5499C5B7}
	EndGlobalSection
EndGlobal
